
Microsoft Visual Studio Solution File, Format Version 12.00
# Visual Studio Version 17
VisualStudioVersion = 17.11.35327.3
MinimumVisualStudioVersion = 10.0.40219.1
Project("{9A19103F-16F7-4668-BE54-9A1E7A4F7556}") = "CatsApi", "CatsApi\CatsApi.csproj", "{34182063-7AD9-4E0C-A1EA-4B1FC03E5521}"
EndProject
Global
	GlobalSection(SolutionConfigurationPlatforms) = preSolution
		Debug|Any CPU = Debug|Any CPU
		Release|Any CPU = Release|Any CPU
	EndGlobalSection
	GlobalSection(ProjectConfigurationPlatforms) = postSolution
		{34182063-7AD9-4E0C-A1EA-4B1FC03E5521}.Debug|Any CPU.ActiveCfg = Debug|Any CPU
		{34182063-7AD9-4E0C-A1EA-4B1FC03E5521}.Debug|Any CPU.Build.0 = Debug|Any CPU
		{34182063-7AD9-4E0C-A1EA-4B1FC03E5521}.Release|Any CPU.ActiveCfg = Release|Any CPU
		{34182063-7AD9-4E0C-A1EA-4B1FC03E5521}.Release|Any CPU.Build.0 = Release|Any CPU
	EndGlobalSection
	GlobalSection(SolutionProperties) = preSolution
		HideSolutionNode = FALSE
	EndGlobalSection
	GlobalSection(ExtensibilityGlobals) = postSolution
		SolutionGuid = {18BF3835-A4C8-47BE-96CB-F3BE8956CEDD}
	EndGlobalSection
EndGlobal
